
Microsoft Visual Studio Solution File, Format Version 12.00
# Visual Studio Version 17
VisualStudioVersion = 17.7.34221.43
MinimumVisualStudioVersion = 10.0.40219.1
Project("{FAE04EC0-301F-11D3-BF4B-00C04F79EFBC}") = "1-user_interface", "1-user_interface.csproj", "{F0AD7264-8148-45A3-8EE5-EF3557569DD7}"
EndProject
Global
	GlobalSection(SolutionConfigurationPlatforms) = preSolution
		Debug|Any CPU = Debug|Any CPU
		Release|Any CPU = Release|Any CPU
	EndGlobalSection
	GlobalSection(ProjectConfigurationPlatforms) = postSolution
		{F0AD7264-8148-45A3-8EE5-EF3557569DD7}.Debug|Any CPU.ActiveCfg = Debug|Any CPU
		{F0AD7264-8148-45A3-8EE5-EF3557569DD7}.Debug|Any CPU.Build.0 = Debug|Any CPU
		{F0AD7264-8148-45A3-8EE5-EF3557569DD7}.Release|Any CPU.ActiveCfg = Release|Any CPU
		{F0AD7264-8148-45A3-8EE5-EF3557569DD7}.Release|Any CPU.Build.0 = Release|Any CPU
	EndGlobalSection
	GlobalSection(SolutionProperties) = preSolution
		HideSolutionNode = FALSE
	EndGlobalSection
	GlobalSection(ExtensibilityGlobals) = postSolution
		SolutionGuid = {EB36243E-B5ED-48C7-A253-22E1F86631D1}
	EndGlobalSection
EndGlobal
