
Microsoft Visual Studio Solution File, Format Version 12.00
# Visual Studio 15
VisualStudioVersion = 15.0.26124.0
MinimumVisualStudioVersion = 15.0.26124.0
Project("{FAE04EC0-301F-11D3-BF4B-00C04F79EFBC}") = "Text", "Text\Text.csproj", "{F0B1A22C-2971-4C59-B788-4BACEDBE42C5}"
EndProject
Project("{FAE04EC0-301F-11D3-BF4B-00C04F79EFBC}") = "Text.Tests", "Text.Tests\Text.Tests.csproj", "{5DD3C35D-63B2-467F-8586-621E55E81D25}"
EndProject
Global
	GlobalSection(SolutionConfigurationPlatforms) = preSolution
		Debug|Any CPU = Debug|Any CPU
		Debug|x64 = Debug|x64
		Debug|x86 = Debug|x86
		Release|Any CPU = Release|Any CPU
		Release|x64 = Release|x64
		Release|x86 = Release|x86
	EndGlobalSection
	GlobalSection(SolutionProperties) = preSolution
		HideSolutionNode = FALSE
	EndGlobalSection
	GlobalSection(ProjectConfigurationPlatforms) = postSolution
		{F0B1A22C-2971-4C59-B788-4BACEDBE42C5}.Debug|Any CPU.ActiveCfg = Debug|Any CPU
		{F0B1A22C-2971-4C59-B788-4BACEDBE42C5}.Debug|Any CPU.Build.0 = Debug|Any CPU
		{F0B1A22C-2971-4C59-B788-4BACEDBE42C5}.Debug|x64.ActiveCfg = Debug|Any CPU
		{F0B1A22C-2971-4C59-B788-4BACEDBE42C5}.Debug|x64.Build.0 = Debug|Any CPU
		{F0B1A22C-2971-4C59-B788-4BACEDBE42C5}.Debug|x86.ActiveCfg = Debug|Any CPU
		{F0B1A22C-2971-4C59-B788-4BACEDBE42C5}.Debug|x86.Build.0 = Debug|Any CPU
		{F0B1A22C-2971-4C59-B788-4BACEDBE42C5}.Release|Any CPU.ActiveCfg = Release|Any CPU
		{F0B1A22C-2971-4C59-B788-4BACEDBE42C5}.Release|Any CPU.Build.0 = Release|Any CPU
		{F0B1A22C-2971-4C59-B788-4BACEDBE42C5}.Release|x64.ActiveCfg = Release|Any CPU
		{F0B1A22C-2971-4C59-B788-4BACEDBE42C5}.Release|x64.Build.0 = Release|Any CPU
		{F0B1A22C-2971-4C59-B788-4BACEDBE42C5}.Release|x86.ActiveCfg = Release|Any CPU
		{F0B1A22C-2971-4C59-B788-4BACEDBE42C5}.Release|x86.Build.0 = Release|Any CPU
		{5DD3C35D-63B2-467F-8586-621E55E81D25}.Debug|Any CPU.ActiveCfg = Debug|Any CPU
		{5DD3C35D-63B2-467F-8586-621E55E81D25}.Debug|Any CPU.Build.0 = Debug|Any CPU
		{5DD3C35D-63B2-467F-8586-621E55E81D25}.Debug|x64.ActiveCfg = Debug|Any CPU
		{5DD3C35D-63B2-467F-8586-621E55E81D25}.Debug|x64.Build.0 = Debug|Any CPU
		{5DD3C35D-63B2-467F-8586-621E55E81D25}.Debug|x86.ActiveCfg = Debug|Any CPU
		{5DD3C35D-63B2-467F-8586-621E55E81D25}.Debug|x86.Build.0 = Debug|Any CPU
		{5DD3C35D-63B2-467F-8586-621E55E81D25}.Release|Any CPU.ActiveCfg = Release|Any CPU
		{5DD3C35D-63B2-467F-8586-621E55E81D25}.Release|Any CPU.Build.0 = Release|Any CPU
		{5DD3C35D-63B2-467F-8586-621E55E81D25}.Release|x64.ActiveCfg = Release|Any CPU
		{5DD3C35D-63B2-467F-8586-621E55E81D25}.Release|x64.Build.0 = Release|Any CPU
		{5DD3C35D-63B2-467F-8586-621E55E81D25}.Release|x86.ActiveCfg = Release|Any CPU
		{5DD3C35D-63B2-467F-8586-621E55E81D25}.Release|x86.Build.0 = Release|Any CPU
	EndGlobalSection
EndGlobal
