
Microsoft Visual Studio Solution File, Format Version 12.00
# Visual Studio Version 17
VisualStudioVersion = 17.7.34221.43
MinimumVisualStudioVersion = 10.0.40219.1
Project("{FAE04EC0-301F-11D3-BF4B-00C04F79EFBC}") = "0-queue", "0-queue.csproj", "{756A8363-968E-4F66-A355-A71010D15F63}"
EndProject
Global
	GlobalSection(SolutionConfigurationPlatforms) = preSolution
		Debug|Any CPU = Debug|Any CPU
		Release|Any CPU = Release|Any CPU
	EndGlobalSection
	GlobalSection(ProjectConfigurationPlatforms) = postSolution
		{756A8363-968E-4F66-A355-A71010D15F63}.Debug|Any CPU.ActiveCfg = Debug|Any CPU
		{756A8363-968E-4F66-A355-A71010D15F63}.Debug|Any CPU.Build.0 = Debug|Any CPU
		{756A8363-968E-4F66-A355-A71010D15F63}.Release|Any CPU.ActiveCfg = Release|Any CPU
		{756A8363-968E-4F66-A355-A71010D15F63}.Release|Any CPU.Build.0 = Release|Any CPU
	EndGlobalSection
	GlobalSection(SolutionProperties) = preSolution
		HideSolutionNode = FALSE
	EndGlobalSection
	GlobalSection(ExtensibilityGlobals) = postSolution
		SolutionGuid = {69C74873-BA8B-4AE9-875E-BFAD7767C5ED}
	EndGlobalSection
EndGlobal
