
Microsoft Visual Studio Solution File, Format Version 12.00
# Visual Studio Version 17
VisualStudioVersion = 17.7.34221.43
MinimumVisualStudioVersion = 10.0.40219.1
Project("{FAE04EC0-301F-11D3-BF4B-00C04F79EFBC}") = "5-iterate_act", "5-iterate_act.csproj", "{A9DB0C90-92D4-4D84-AA6C-7EAF73549270}"
EndProject
Global
	GlobalSection(SolutionConfigurationPlatforms) = preSolution
		Debug|Any CPU = Debug|Any CPU
		Release|Any CPU = Release|Any CPU
	EndGlobalSection
	GlobalSection(ProjectConfigurationPlatforms) = postSolution
		{A9DB0C90-92D4-4D84-AA6C-7EAF73549270}.Debug|Any CPU.ActiveCfg = Debug|Any CPU
		{A9DB0C90-92D4-4D84-AA6C-7EAF73549270}.Debug|Any CPU.Build.0 = Debug|Any CPU
		{A9DB0C90-92D4-4D84-AA6C-7EAF73549270}.Release|Any CPU.ActiveCfg = Release|Any CPU
		{A9DB0C90-92D4-4D84-AA6C-7EAF73549270}.Release|Any CPU.Build.0 = Release|Any CPU
	EndGlobalSection
	GlobalSection(SolutionProperties) = preSolution
		HideSolutionNode = FALSE
	EndGlobalSection
	GlobalSection(ExtensibilityGlobals) = postSolution
		SolutionGuid = {3D1C25DA-A077-45F2-91D1-A74BB1E1310F}
	EndGlobalSection
EndGlobal
